
Microsoft Visual Studio Solution File, Format Version 12.00
# Visual Studio Version 17
VisualStudioVersion = 17.6.33723.286
MinimumVisualStudioVersion = 10.0.40219.1
Project("{FAE04EC0-301F-11D3-BF4B-00C04F79EFBC}") = "Send to email", "Send to email.csproj", "{4D522455-6C1A-44DD-A7C1-DEDADFD38F87}"
EndProject
Global
	GlobalSection(SolutionConfigurationPlatforms) = preSolution
		Debug|Any CPU = Debug|Any CPU
		Release|Any CPU = Release|Any CPU
	EndGlobalSection
	GlobalSection(ProjectConfigurationPlatforms) = postSolution
		{4D522455-6C1A-44DD-A7C1-DEDADFD38F87}.Debug|Any CPU.ActiveCfg = Debug|Any CPU
		{4D522455-6C1A-44DD-A7C1-DEDADFD38F87}.Debug|Any CPU.Build.0 = Debug|Any CPU
		{4D522455-6C1A-44DD-A7C1-DEDADFD38F87}.Release|Any CPU.ActiveCfg = Release|Any CPU
		{4D522455-6C1A-44DD-A7C1-DEDADFD38F87}.Release|Any CPU.Build.0 = Release|Any CPU
	EndGlobalSection
	GlobalSection(SolutionProperties) = preSolution
		HideSolutionNode = FALSE
	EndGlobalSection
	GlobalSection(ExtensibilityGlobals) = postSolution
		SolutionGuid = {A0A53803-F5BF-4557-9895-B25CC0E7C65B}
	EndGlobalSection
EndGlobal
